
Microsoft Visual Studio Solution File, Format Version 12.00
Project("{FAE04EC0-301F-11D3-BF4B-00C04F79EFBC}") = "Falc.Communications.Api", "communications\src\Falc.Communications.Api\Falc.Communications.Api.csproj", "{0A6DB6A8-B961-421E-896E-88F5FAD9A894}"
EndProject
Project("{FAE04EC0-301F-11D3-BF4B-00C04F79EFBC}") = "Falc.Communications.Api.Client", "communications\src\Falc.Communications.Api.Client\Falc.Communications.Api.Client.csproj", "{9F4F2670-3777-4B7E-BF3C-5A0E193C197E}"
EndProject
Project("{2150E333-8FDC-42A3-9474-1A3956D46DE8}") = "communications", "communications", "{2BD31107-E486-4E10-BF6A-427444D584F8}"
	ProjectSection(SolutionItems) = preProject
		communications\README.md = communications\README.md
	EndProjectSection
EndProject
Project("{2150E333-8FDC-42A3-9474-1A3956D46DE8}") = "src", "src", "{BE72F219-67F3-4736-9821-CD53600E75EC}"
	ProjectSection(SolutionItems) = preProject
		communications\src\docker-compose.yml = communications\src\docker-compose.yml
		communications\src\Directory.Packages.props = communications\src\Directory.Packages.props
	EndProjectSection
EndProject
Project("{2150E333-8FDC-42A3-9474-1A3956D46DE8}") = "test", "test", "{F0077DEE-CC1C-4D07-B9C4-5DEC62B31894}"
	ProjectSection(SolutionItems) = preProject
		communications\test\Directory.Packages.props = communications\test\Directory.Packages.props
	EndProjectSection
EndProject
Project("{FAE04EC0-301F-11D3-BF4B-00C04F79EFBC}") = "Falc.Communications.Api.ComponentTests", "communications\test\Falc.Communications.Api.ComponentTests\Falc.Communications.Api.ComponentTests.csproj", "{F1A5094D-8D4C-4279-B533-9D34CE1D5479}"
EndProject
Project("{FAE04EC0-301F-11D3-BF4B-00C04F79EFBC}") = "Falc.Communications.Domain", "communications\src\Falc.Communications.Domain\Falc.Communications.Domain.csproj", "{1248850C-F51B-4F61-828B-BF3F2D92895E}"
EndProject
Project("{FAE04EC0-301F-11D3-BF4B-00C04F79EFBC}") = "Falc.Communications.Application", "communications\src\Falc.Communications.Application\Falc.Communications.Application.csproj", "{64043026-B69D-4879-B135-69AEBC177E11}"
EndProject
Project("{FAE04EC0-301F-11D3-BF4B-00C04F79EFBC}") = "Falc.Communications.Infrastructure", "communications\src\Falc.Communications.Infrastructure\Falc.Communications.Infrastructure.csproj", "{23D192D9-1A5E-4575-909D-FA4F2EF28710}"
EndProject
Project("{2150E333-8FDC-42A3-9474-1A3956D46DE8}") = "solution-items", "solution-items", "{3AD9F7D7-C3A8-43EA-B8F5-087506F40B46}"
				ProjectSection(SolutionItems) = preProject
		../.gitignore = ../.gitignore
				EndProjectSection
EndProject
Project("{2150E333-8FDC-42A3-9474-1A3956D46DE8}") = "e2e", "e2e", "{3A92A941-422E-41D3-BACC-F08DF75B0534}"
	ProjectSection(SolutionItems) = preProject
		communications\README.md = communications\README.md
	EndProjectSection
EndProject
Project("{FAE04EC0-301F-11D3-BF4B-00C04F79EFBC}") = "Falc.E2E.CustomerPortal", "..\e2e\Falc.E2E.CustomerPortal\Falc.E2E.CustomerPortal.csproj", "{C07367AC-632C-4BF6-ACB1-E69C387C07A6}"
EndProject
Project("{2150E333-8FDC-42A3-9474-1A3956D46DE8}") = "infrastructure", "infrastructure", "{09A0B5AA-CE55-4547-A18D-A8BA4478FDA4}"
	ProjectSection(SolutionItems) = preProject
		..\infrastructure\docker-compose.yml = ..\infrastructure\docker-compose.yml
		..\infrastructure\README.md = ..\infrastructure\README.md
	EndProjectSection
EndProject
Project("{2150E333-8FDC-42A3-9474-1A3956D46DE8}") = "traefik", "traefik", "{56600427-2D23-4589-86C2-02F02B41BCBD}"
	ProjectSection(SolutionItems) = preProject
		..\infrastructure\traefik\dynamic.yml = ..\infrastructure\traefik\dynamic.yml
		..\infrastructure\traefik\static.yml = ..\infrastructure\traefik\static.yml
	EndProjectSection
EndProject
Project("{FAE04EC0-301F-11D3-BF4B-00C04F79EFBC}") = "Falc.Communications.Api.IntegrationTests.Auth", "communications\test\auth\dotnet\Falc.Communications.Api.IntegrationTests.Auth\Falc.Communications.Api.IntegrationTests.Auth.csproj", "{DFED6150-D096-4FBF-B849-C29ABC3CFA63}"
EndProject
Project("{2150E333-8FDC-42A3-9474-1A3956D46DE8}") = "identity-provider-proxy", "identity-provider-proxy", "{8E2E0D3A-48F2-4B13-8F9D-51F3E3D8E261}"
	ProjectSection(SolutionItems) = preProject
		identity-provider-proxy\README.md = identity-provider-proxy\README.md
	EndProjectSection
EndProject
Project("{2150E333-8FDC-42A3-9474-1A3956D46DE8}") = "src", "src", "{FA11B998-4E19-4CC4-AE7C-36E91D9496F7}"
EndProject
Project("{FAE04EC0-301F-11D3-BF4B-00C04F79EFBC}") = "Falc.IdentityProvider.Api.Proxy", "identity-provider-proxy\src\Falc.IdentityProvider.Api.Proxy\Falc.IdentityProvider.Api.Proxy.csproj", "{7A9E5F8B-9548-4F09-A8E9-1BC8F2A0D4C6}"
EndProject
Global
	GlobalSection(SolutionConfigurationPlatforms) = preSolution
		Debug|Any CPU = Debug|Any CPU
		Release|Any CPU = Release|Any CPU
	EndGlobalSection
	GlobalSection(ProjectConfigurationPlatforms) = postSolution
		{0A6DB6A8-B961-421E-896E-88F5FAD9A894}.Debug|Any CPU.ActiveCfg = Debug|Any CPU
		{0A6DB6A8-B961-421E-896E-88F5FAD9A894}.Debug|Any CPU.Build.0 = Debug|Any CPU
		{0A6DB6A8-B961-421E-896E-88F5FAD9A894}.Release|Any CPU.ActiveCfg = Release|Any CPU
		{0A6DB6A8-B961-421E-896E-88F5FAD9A894}.Release|Any CPU.Build.0 = Release|Any CPU
		{9F4F2670-3777-4B7E-BF3C-5A0E193C197E}.Debug|Any CPU.ActiveCfg = Debug|Any CPU
		{9F4F2670-3777-4B7E-BF3C-5A0E193C197E}.Debug|Any CPU.Build.0 = Debug|Any CPU
		{9F4F2670-3777-4B7E-BF3C-5A0E193C197E}.Release|Any CPU.ActiveCfg = Release|Any CPU
		{9F4F2670-3777-4B7E-BF3C-5A0E193C197E}.Release|Any CPU.Build.0 = Release|Any CPU
		{F1A5094D-8D4C-4279-B533-9D34CE1D5479}.Debug|Any CPU.ActiveCfg = Debug|Any CPU
		{F1A5094D-8D4C-4279-B533-9D34CE1D5479}.Debug|Any CPU.Build.0 = Debug|Any CPU
		{F1A5094D-8D4C-4279-B533-9D34CE1D5479}.Release|Any CPU.ActiveCfg = Release|Any CPU
		{F1A5094D-8D4C-4279-B533-9D34CE1D5479}.Release|Any CPU.Build.0 = Release|Any CPU
		{1248850C-F51B-4F61-828B-BF3F2D92895E}.Debug|Any CPU.ActiveCfg = Debug|Any CPU
		{1248850C-F51B-4F61-828B-BF3F2D92895E}.Debug|Any CPU.Build.0 = Debug|Any CPU
		{1248850C-F51B-4F61-828B-BF3F2D92895E}.Release|Any CPU.ActiveCfg = Release|Any CPU
		{1248850C-F51B-4F61-828B-BF3F2D92895E}.Release|Any CPU.Build.0 = Release|Any CPU
		{64043026-B69D-4879-B135-69AEBC177E11}.Debug|Any CPU.ActiveCfg = Debug|Any CPU
		{64043026-B69D-4879-B135-69AEBC177E11}.Debug|Any CPU.Build.0 = Debug|Any CPU
		{64043026-B69D-4879-B135-69AEBC177E11}.Release|Any CPU.ActiveCfg = Release|Any CPU
		{64043026-B69D-4879-B135-69AEBC177E11}.Release|Any CPU.Build.0 = Release|Any CPU
		{23D192D9-1A5E-4575-909D-FA4F2EF28710}.Debug|Any CPU.ActiveCfg = Debug|Any CPU
		{23D192D9-1A5E-4575-909D-FA4F2EF28710}.Debug|Any CPU.Build.0 = Debug|Any CPU
		{23D192D9-1A5E-4575-909D-FA4F2EF28710}.Release|Any CPU.ActiveCfg = Release|Any CPU
		{23D192D9-1A5E-4575-909D-FA4F2EF28710}.Release|Any CPU.Build.0 = Release|Any CPU
		{C07367AC-632C-4BF6-ACB1-E69C387C07A6}.Debug|Any CPU.ActiveCfg = Debug|Any CPU
		{C07367AC-632C-4BF6-ACB1-E69C387C07A6}.Debug|Any CPU.Build.0 = Debug|Any CPU
		{C07367AC-632C-4BF6-ACB1-E69C387C07A6}.Release|Any CPU.ActiveCfg = Release|Any CPU
		{C07367AC-632C-4BF6-ACB1-E69C387C07A6}.Release|Any CPU.Build.0 = Release|Any CPU
		{DFED6150-D096-4FBF-B849-C29ABC3CFA63}.Debug|Any CPU.ActiveCfg = Debug|Any CPU
		{DFED6150-D096-4FBF-B849-C29ABC3CFA63}.Debug|Any CPU.Build.0 = Debug|Any CPU
		{DFED6150-D096-4FBF-B849-C29ABC3CFA63}.Release|Any CPU.ActiveCfg = Release|Any CPU
		{DFED6150-D096-4FBF-B849-C29ABC3CFA63}.Release|Any CPU.Build.0 = Release|Any CPU
		{7A9E5F8B-9548-4F09-A8E9-1BC8F2A0D4C6}.Debug|Any CPU.ActiveCfg = Debug|Any CPU
		{7A9E5F8B-9548-4F09-A8E9-1BC8F2A0D4C6}.Debug|Any CPU.Build.0 = Debug|Any CPU
		{7A9E5F8B-9548-4F09-A8E9-1BC8F2A0D4C6}.Release|Any CPU.ActiveCfg = Release|Any CPU
		{7A9E5F8B-9548-4F09-A8E9-1BC8F2A0D4C6}.Release|Any CPU.Build.0 = Release|Any CPU
	EndGlobalSection
	GlobalSection(NestedProjects) = preSolution
		{BE72F219-67F3-4736-9821-CD53600E75EC} = {2BD31107-E486-4E10-BF6A-427444D584F8}
		{0A6DB6A8-B961-421E-896E-88F5FAD9A894} = {BE72F219-67F3-4736-9821-CD53600E75EC}
		{9F4F2670-3777-4B7E-BF3C-5A0E193C197E} = {BE72F219-67F3-4736-9821-CD53600E75EC}
		{F0077DEE-CC1C-4D07-B9C4-5DEC62B31894} = {2BD31107-E486-4E10-BF6A-427444D584F8}
		{F1A5094D-8D4C-4279-B533-9D34CE1D5479} = {F0077DEE-CC1C-4D07-B9C4-5DEC62B31894}
		{1248850C-F51B-4F61-828B-BF3F2D92895E} = {BE72F219-67F3-4736-9821-CD53600E75EC}
		{64043026-B69D-4879-B135-69AEBC177E11} = {BE72F219-67F3-4736-9821-CD53600E75EC}
		{23D192D9-1A5E-4575-909D-FA4F2EF28710} = {BE72F219-67F3-4736-9821-CD53600E75EC}
		{C07367AC-632C-4BF6-ACB1-E69C387C07A6} = {3A92A941-422E-41D3-BACC-F08DF75B0534}
		{56600427-2D23-4589-86C2-02F02B41BCBD} = {09A0B5AA-CE55-4547-A18D-A8BA4478FDA4}
		{DFED6150-D096-4FBF-B849-C29ABC3CFA63} = {F0077DEE-CC1C-4D07-B9C4-5DEC62B31894}
		{FA11B998-4E19-4CC4-AE7C-36E91D9496F7} = {8E2E0D3A-48F2-4B13-8F9D-51F3E3D8E261}
		{7A9E5F8B-9548-4F09-A8E9-1BC8F2A0D4C6} = {FA11B998-4E19-4CC4-AE7C-36E91D9496F7}
	EndGlobalSection
EndGlobal
